
Microsoft Visual Studio Solution File, Format Version 12.00
# Visual Studio Version 16
VisualStudioVersion = 16.0.28803.202
MinimumVisualStudioVersion = 10.0.40219.1
Project("{FAE04EC0-301F-11D3-BF4B-00C04F79EFBC}") = "AIL.OptionsPricer", "AIL.OptionsPricer\AIL.OptionsPricer.csproj", "{443082F3-FF42-4D8C-9A7A-1C69E206DE76}"
EndProject
Project("{FAE04EC0-301F-11D3-BF4B-00C04F79EFBC}") = "AIL.OptionsPricer.Tests", "AIL.OptionsPricer.Tests\AIL.OptionsPricer.Tests.csproj", "{8384E073-8C9B-460F-BE0C-ADED11C83EAE}"
EndProject
Global
	GlobalSection(SolutionConfigurationPlatforms) = preSolution
		Debug|Any CPU = Debug|Any CPU
		Release|Any CPU = Release|Any CPU
	EndGlobalSection
	GlobalSection(ProjectConfigurationPlatforms) = postSolution
		{443082F3-FF42-4D8C-9A7A-1C69E206DE76}.Debug|Any CPU.ActiveCfg = Debug|Any CPU
		{443082F3-FF42-4D8C-9A7A-1C69E206DE76}.Debug|Any CPU.Build.0 = Debug|Any CPU
		{443082F3-FF42-4D8C-9A7A-1C69E206DE76}.Release|Any CPU.ActiveCfg = Release|Any CPU
		{443082F3-FF42-4D8C-9A7A-1C69E206DE76}.Release|Any CPU.Build.0 = Release|Any CPU
		{8384E073-8C9B-460F-BE0C-ADED11C83EAE}.Debug|Any CPU.ActiveCfg = Debug|Any CPU
		{8384E073-8C9B-460F-BE0C-ADED11C83EAE}.Debug|Any CPU.Build.0 = Debug|Any CPU
		{8384E073-8C9B-460F-BE0C-ADED11C83EAE}.Release|Any CPU.ActiveCfg = Release|Any CPU
		{8384E073-8C9B-460F-BE0C-ADED11C83EAE}.Release|Any CPU.Build.0 = Release|Any CPU
	EndGlobalSection
	GlobalSection(SolutionProperties) = preSolution
		HideSolutionNode = FALSE
	EndGlobalSection
	GlobalSection(ExtensibilityGlobals) = postSolution
		SolutionGuid = {7D12C772-447F-4175-9181-118404B68311}
	EndGlobalSection
EndGlobal
